
Microsoft Visual Studio Solution File, Format Version 12.00
# Visual Studio Version 16
VisualStudioVersion = 16.0.31019.35
MinimumVisualStudioVersion = 10.0.40219.1
Project("{FAE04EC0-301F-11D3-BF4B-00C04F79EFBC}") = "BehinehApp", "BehinehApp\BehinehApp.csproj", "{95FFB410-7EF7-4406-AA7F-559995815F02}"
EndProject
Project("{FAE04EC0-301F-11D3-BF4B-00C04F79EFBC}") = "DLLCore", "DLLCore\DLLCore.csproj", "{247E0E87-6A6E-438F-9E11-146E5C47F9DF}"
EndProject
Global
	GlobalSection(SolutionConfigurationPlatforms) = preSolution
		Debug|Any CPU = Debug|Any CPU
		Release|Any CPU = Release|Any CPU
	EndGlobalSection
	GlobalSection(ProjectConfigurationPlatforms) = postSolution
		{95FFB410-7EF7-4406-AA7F-559995815F02}.Debug|Any CPU.ActiveCfg = Debug|Any CPU
		{95FFB410-7EF7-4406-AA7F-559995815F02}.Debug|Any CPU.Build.0 = Debug|Any CPU
		{95FFB410-7EF7-4406-AA7F-559995815F02}.Release|Any CPU.ActiveCfg = Release|Any CPU
		{95FFB410-7EF7-4406-AA7F-559995815F02}.Release|Any CPU.Build.0 = Release|Any CPU
		{247E0E87-6A6E-438F-9E11-146E5C47F9DF}.Debug|Any CPU.ActiveCfg = Debug|Any CPU
		{247E0E87-6A6E-438F-9E11-146E5C47F9DF}.Debug|Any CPU.Build.0 = Debug|Any CPU
		{247E0E87-6A6E-438F-9E11-146E5C47F9DF}.Release|Any CPU.ActiveCfg = Release|Any CPU
		{247E0E87-6A6E-438F-9E11-146E5C47F9DF}.Release|Any CPU.Build.0 = Release|Any CPU
	EndGlobalSection
	GlobalSection(SolutionProperties) = preSolution
		HideSolutionNode = FALSE
	EndGlobalSection
	GlobalSection(ExtensibilityGlobals) = postSolution
		SolutionGuid = {AA1FB31D-F310-447C-AA48-BEC1D92B569F}
	EndGlobalSection
EndGlobal
